
Microsoft Visual Studio Solution File, Format Version 11.00
# Visual Studio 2010
Project("{8BC9CEB8-8B4A-11D0-8D11-00A0C91BC942}") = "Test_2008", "Test_2008\Test_2008.vcxproj", "{BA9468F9-4DD3-4222-A878-C00B26B3140B}"
EndProject
Global
	GlobalSection(SolutionConfigurationPlatforms) = preSolution
		Debug|Win32 = Debug|Win32
		Release|Win32 = Release|Win32
	EndGlobalSection
	GlobalSection(ProjectConfigurationPlatforms) = postSolution
		{BA9468F9-4DD3-4222-A878-C00B26B3140B}.Debug|Win32.ActiveCfg = Debug|Win32
		{BA9468F9-4DD3-4222-A878-C00B26B3140B}.Debug|Win32.Build.0 = Debug|Win32
		{BA9468F9-4DD3-4222-A878-C00B26B3140B}.Release|Win32.ActiveCfg = Release|Win32
		{BA9468F9-4DD3-4222-A878-C00B26B3140B}.Release|Win32.Build.0 = Release|Win32
	EndGlobalSection
	GlobalSection(SolutionProperties) = preSolution
		HideSolutionNode = FALSE
	EndGlobalSection
EndGlobal
